
Microsoft Visual Studio Solution File, Format Version 12.00
# Visual Studio Version 16
VisualStudioVersion = 16.0.30608.117
MinimumVisualStudioVersion = 10.0.40219.1
Project("{FAE04EC0-301F-11D3-BF4B-00C04F79EFBC}") = "RecordFactoryDemo", "RecordFactoryDemo.csproj", "{3E959CA3-33D5-4C14-8CBC-A8052213F08C}"
EndProject
Global
	GlobalSection(SolutionConfigurationPlatforms) = preSolution
		Debug|Any CPU = Debug|Any CPU
		Release|Any CPU = Release|Any CPU
	EndGlobalSection
	GlobalSection(ProjectConfigurationPlatforms) = postSolution
		{3E959CA3-33D5-4C14-8CBC-A8052213F08C}.Debug|Any CPU.ActiveCfg = Debug|Any CPU
		{3E959CA3-33D5-4C14-8CBC-A8052213F08C}.Debug|Any CPU.Build.0 = Debug|Any CPU
		{3E959CA3-33D5-4C14-8CBC-A8052213F08C}.Release|Any CPU.ActiveCfg = Release|Any CPU
		{3E959CA3-33D5-4C14-8CBC-A8052213F08C}.Release|Any CPU.Build.0 = Release|Any CPU
	EndGlobalSection
	GlobalSection(SolutionProperties) = preSolution
		HideSolutionNode = FALSE
	EndGlobalSection
	GlobalSection(ExtensibilityGlobals) = postSolution
		SolutionGuid = {A4EB9985-0499-4347-AC24-125BC47D3EB1}
	EndGlobalSection
EndGlobal
